// !$*UTF8*$!
{
	archiveVersion = 1;
	classes = {
	};
	objectVersion = 46;
	objects = {

/* Begin PBXBuildFile section */
		014EACF31D08ABCD0044C8DD /* main.m in Sources */ = {isa = PBXBuildFile; fileRef = 014EACF21D08ABCD0044C8DD /* main.m */; };
		014EACF61D08ABCE0044C8DD /* AppDelegate.m in Sources */ = {isa = PBXBuildFile; fileRef = 014EACF51D08ABCE0044C8DD /* AppDelegate.m */; };
		014EACF91D08ABCE0044C8DD /* ViewController.m in Sources */ = {isa = PBXBuildFile; fileRef = 014EACF81D08ABCE0044C8DD /* ViewController.m */; };
		014EACFC1D08ABCE0044C8DD /* Main.storyboard in Resources */ = {isa = PBXBuildFile; fileRef = 014EACFA1D08ABCE0044C8DD /* Main.storyboard */; };
		014EACFE1D08ABCE0044C8DD /* Assets.xcassets in Resources */ = {isa = PBXBuildFile; fileRef = 014EACFD1D08ABCE0044C8DD /* Assets.xcassets */; };
		014EAD011D08ABCE0044C8DD /* LaunchScreen.storyboard in Resources */ = {isa = PBXBuildFile; fileRef = 014EACFF1D08ABCE0044C8DD /* LaunchScreen.storyboard */; };
		014EAD0B1D08BAA00044C8DD /* Tile.m in Sources */ = {isa = PBXBuildFile; fileRef = 014EAD0A1D08BAA00044C8DD /* Tile.m */; };
		014EAD0E1D08BBB00044C8DD /* Factory.m in Sources */ = {isa = PBXBuildFile; fileRef = 014EAD0D1D08BBB00044C8DD /* Factory.m */; };
		01CC25531D0FDA7E00F69220 /* Boss.m in Sources */ = {isa = PBXBuildFile; fileRef = 01CC25521D0FDA7E00F69220 /* Boss.m */; };
		01CC25601D0FEC5700F69220 /* Sword.jpg in Resources */ = {isa = PBXBuildFile; fileRef = 01CC25541D0FEC5700F69220 /* Sword.jpg */; };
		01CC25611D0FEC5700F69220 /* Parrot.jpeg in Resources */ = {isa = PBXBuildFile; fileRef = 01CC25551D0FEC5700F69220 /* Parrot.jpeg */; };
		01CC25621D0FEC5700F69220 /* Armor.jpg in Resources */ = {isa = PBXBuildFile; fileRef = 01CC25561D0FEC5700F69220 /* Armor.jpg */; };
		01CC25631D0FEC5700F69220 /* dock.jpg in Resources */ = {isa = PBXBuildFile; fileRef = 01CC25571D0FEC5700F69220 /* dock.jpg */; };
		01CC25641D0FEC5700F69220 /* Pistol.jpg in Resources */ = {isa = PBXBuildFile; fileRef = 01CC25581D0FEC5700F69220 /* Pistol.jpg */; };
		01CC25651D0FEC5700F69220 /* Ships.jpg in Resources */ = {isa = PBXBuildFile; fileRef = 01CC25591D0FEC5700F69220 /* Ships.jpg */; };
		01CC25661D0FEC5700F69220 /* Ship.jpg in Resources */ = {isa = PBXBuildFile; fileRef = 01CC255A1D0FEC5700F69220 /* Ship.jpg */; };
		01CC25671D0FEC5700F69220 /* Invaders.jpg in Resources */ = {isa = PBXBuildFile; fileRef = 01CC255B1D0FEC5700F69220 /* Invaders.jpg */; };
		01CC25681D0FEC5700F69220 /* Water.jpg in Resources */ = {isa = PBXBuildFile; fileRef = 01CC255C1D0FEC5700F69220 /* Water.jpg */; };
		01CC25691D0FEC5700F69220 /* Boss.jpg in Resources */ = {isa = PBXBuildFile; fileRef = 01CC255D1D0FEC5700F69220 /* Boss.jpg */; };
		01CC256A1D0FEC5700F69220 /* gold.jpg in Resources */ = {isa = PBXBuildFile; fileRef = 01CC255E1D0FEC5700F69220 /* gold.jpg */; };
		01CC256B1D0FEC5700F69220 /* RumoredPirates.jpg in Resources */ = {isa = PBXBuildFile; fileRef = 01CC255F1D0FEC5700F69220 /* RumoredPirates.jpg */; };
		01DD85601D0C07BD00FEDBED /* Weapon.m in Sources */ = {isa = PBXBuildFile; fileRef = 01DD855F1D0C07BD00FEDBED /* Weapon.m */; };
		01DD85631D0C083300FEDBED /* Armor.m in Sources */ = {isa = PBXBuildFile; fileRef = 01DD85621D0C083300FEDBED /* Armor.m */; };
		01DD85661D0C090100FEDBED /* Character.m in Sources */ = {isa = PBXBuildFile; fileRef = 01DD85651D0C090100FEDBED /* Character.m */; };
/* End PBXBuildFile section */

/* Begin PBXFileReference section */
		014EACEE1D08ABCD0044C8DD /* Pirate Adventure.app */ = {isa = PBXFileReference; explicitFileType = wrapper.application; includeInIndex = 0; path = "Pirate Adventure.app"; sourceTree = BUILT_PRODUCTS_DIR; };
		014EACF21D08ABCD0044C8DD /* main.m */ = {isa = PBXFileReference; lastKnownFileType = sourcecode.c.objc; path = main.m; sourceTree = "<group>"; };
		014EACF41D08ABCD0044C8DD /* AppDelegate.h */ = {isa = PBXFileReference; lastKnownFileType = sourcecode.c.h; path = AppDelegate.h; sourceTree = "<group>"; };
		014EACF51D08ABCE0044C8DD /* AppDelegate.m */ = {isa = PBXFileReference; lastKnownFileType = sourcecode.c.objc; path = AppDelegate.m; sourceTree = "<group>"; };
		014EACF71D08ABCE0044C8DD /* ViewController.h */ = {isa = PBXFileReference; lastKnownFileType = sourcecode.c.h; path = ViewController.h; sourceTree = "<group>"; };
		014EACF81D08ABCE0044C8DD /* ViewController.m */ = {isa = PBXFileReference; lastKnownFileType = sourcecode.c.objc; path = ViewController.m; sourceTree = "<group>"; };
		014EACFB1D08ABCE0044C8DD /* Base */ = {isa = PBXFileReference; lastKnownFileType = file.storyboard; name = Base; path = Base.lproj/Main.storyboard; sourceTree = "<group>"; };
		014EACFD1D08ABCE0044C8DD /* Assets.xcassets */ = {isa = PBXFileReference; lastKnownFileType = folder.assetcatalog; path = Assets.xcassets; sourceTree = "<group>"; };
		014EAD001D08ABCE0044C8DD /* Base */ = {isa = PBXFileReference; lastKnownFileType = file.storyboard; name = Base; path = Base.lproj/LaunchScreen.storyboard; sourceTree = "<group>"; };
		014EAD021D08ABCE0044C8DD /* Info.plist */ = {isa = PBXFileReference; lastKnownFileType = text.plist.xml; path = Info.plist; sourceTree = "<group>"; };
		014EAD091D08BAA00044C8DD /* Tile.h */ = {isa = PBXFileReference; fileEncoding = 4; lastKnownFileType = sourcecode.c.h; path = Tile.h; sourceTree = "<group>"; };
		014EAD0A1D08BAA00044C8DD /* Tile.m */ = {isa = PBXFileReference; fileEncoding = 4; lastKnownFileType = sourcecode.c.objc; path = Tile.m; sourceTree = "<group>"; };
		014EAD0C1D08BBB00044C8DD /* Factory.h */ = {isa = PBXFileReference; fileEncoding = 4; lastKnownFileType = sourcecode.c.h; path = Factory.h; sourceTree = "<group>"; };
		014EAD0D1D08BBB00044C8DD /* Factory.m */ = {isa = PBXFileReference; fileEncoding = 4; lastKnownFileType = sourcecode.c.objc; path = Factory.m; sourceTree = "<group>"; };
		01CC25511D0FDA7E00F69220 /* Boss.h */ = {isa = PBXFileReference; fileEncoding = 4; lastKnownFileType = sourcecode.c.h; path = Boss.h; sourceTree = "<group>"; };
		01CC25521D0FDA7E00F69220 /* Boss.m */ = {isa = PBXFileReference; fileEncoding = 4; lastKnownFileType = sourcecode.c.objc; path = Boss.m; sourceTree = "<group>"; };
		01CC25541D0FEC5700F69220 /* Sword.jpg */ = {isa = PBXFileReference; lastKnownFileType = image.jpeg; path = Sword.jpg; sourceTree = "<group>"; };
		01CC25551D0FEC5700F69220 /* Parrot.jpeg */ = {isa = PBXFileReference; lastKnownFileType = image.jpeg; path = Parrot.jpeg; sourceTree = "<group>"; };
		01CC25561D0FEC5700F69220 /* Armor.jpg */ = {isa = PBXFileReference; lastKnownFileType = image.jpeg; path = Armor.jpg; sourceTree = "<group>"; };
		01CC25571D0FEC5700F69220 /* dock.jpg */ = {isa = PBXFileReference; lastKnownFileType = image.jpeg; path = dock.jpg; sourceTree = "<group>"; };
		01CC25581D0FEC5700F69220 /* Pistol.jpg */ = {isa = PBXFileReference; lastKnownFileType = image.jpeg; path = Pistol.jpg; sourceTree = "<group>"; };
		01CC25591D0FEC5700F69220 /* Ships.jpg */ = {isa = PBXFileReference; lastKnownFileType = image.jpeg; path = Ships.jpg; sourceTree = "<group>"; };
		01CC255A1D0FEC5700F69220 /* Ship.jpg */ = {isa = PBXFileReference; lastKnownFileType = image.jpeg; path = Ship.jpg; sourceTree = "<group>"; };
		01CC255B1D0FEC5700F69220 /* Invaders.jpg */ = {isa = PBXFileReference; lastKnownFileType = image.jpeg; path = Invaders.jpg; sourceTree = "<group>"; };
		01CC255C1D0FEC5700F69220 /* Water.jpg */ = {isa = PBXFileReference; lastKnownFileType = image.jpeg; path = Water.jpg; sourceTree = "<group>"; };
		01CC255D1D0FEC5700F69220 /* Boss.jpg */ = {isa = PBXFileReference; lastKnownFileType = image.jpeg; path = Boss.jpg; sourceTree = "<group>"; };
		01CC255E1D0FEC5700F69220 /* gold.jpg */ = {isa = PBXFileReference; lastKnownFileType = image.jpeg; path = gold.jpg; sourceTree = "<group>"; };
		01CC255F1D0FEC5700F69220 /* RumoredPirates.jpg */ = {isa = PBXFileReference; lastKnownFileType = image.jpeg; path = RumoredPirates.jpg; sourceTree = "<group>"; };
		01DD855E1D0C07BD00FEDBED /* Weapon.h */ = {isa = PBXFileReference; fileEncoding = 4; lastKnownFileType = sourcecode.c.h; path = Weapon.h; sourceTree = "<group>"; };
		01DD855F1D0C07BD00FEDBED /* Weapon.m */ = {isa = PBXFileReference; fileEncoding = 4; lastKnownFileType = sourcecode.c.objc; path = Weapon.m; sourceTree = "<group>"; };
		01DD85611D0C083300FEDBED /* Armor.h */ = {isa = PBXFileReference; fileEncoding = 4; lastKnownFileType = sourcecode.c.h; path = Armor.h; sourceTree = "<group>"; };
		01DD85621D0C083300FEDBED /* Armor.m */ = {isa = PBXFileReference; fileEncoding = 4; lastKnownFileType = sourcecode.c.objc; path = Armor.m; sourceTree = "<group>"; };
		01DD85641D0C090100FEDBED /* Character.h */ = {isa = PBXFileReference; fileEncoding = 4; lastKnownFileType = sourcecode.c.h; path = Character.h; sourceTree = "<group>"; };
		01DD85651D0C090100FEDBED /* Character.m */ = {isa = PBXFileReference; fileEncoding = 4; lastKnownFileType = sourcecode.c.objc; path = Character.m; sourceTree = "<group>"; };
/* End PBXFileReference section */

/* Begin PBXFrameworksBuildPhase section */
		014EACEB1D08ABCD0044C8DD /* Frameworks */ = {
			isa = PBXFrameworksBuildPhase;
			buildActionMask = 2147483647;
			files = (
			);
			runOnlyForDeploymentPostprocessing = 0;
		};
/* End PBXFrameworksBuildPhase section */

/* Begin PBXGroup section */
		014EACE51D08ABCD0044C8DD = {
			isa = PBXGroup;
			children = (
				014EACF01D08ABCD0044C8DD /* Pirate Adventure */,
				014EACEF1D08ABCD0044C8DD /* Products */,
			);
			sourceTree = "<group>";
		};
		014EACEF1D08ABCD0044C8DD /* Products */ = {
			isa = PBXGroup;
			children = (
				014EACEE1D08ABCD0044C8DD /* Pirate Adventure.app */,
			);
			name = Products;
			sourceTree = "<group>";
		};
		014EACF01D08ABCD0044C8DD /* Pirate Adventure */ = {
			isa = PBXGroup;
			children = (
				014EACF41D08ABCD0044C8DD /* AppDelegate.h */,
				014EACF51D08ABCE0044C8DD /* AppDelegate.m */,
				014EACF71D08ABCE0044C8DD /* ViewController.h */,
				014EACF81D08ABCE0044C8DD /* ViewController.m */,
				014EACFA1D08ABCE0044C8DD /* Main.storyboard */,
				014EAD081D08BA5D0044C8DD /* Model */,
				014EACFD1D08ABCE0044C8DD /* Assets.xcassets */,
				014EACFF1D08ABCE0044C8DD /* LaunchScreen.storyboard */,
				014EAD021D08ABCE0044C8DD /* Info.plist */,
				014EACF11D08ABCD0044C8DD /* Supporting Files */,
			);
			path = "Pirate Adventure";
			sourceTree = "<group>";
		};
		014EACF11D08ABCD0044C8DD /* Supporting Files */ = {
			isa = PBXGroup;
			children = (
				01CC25541D0FEC5700F69220 /* Sword.jpg */,
				01CC25551D0FEC5700F69220 /* Parrot.jpeg */,
				01CC25561D0FEC5700F69220 /* Armor.jpg */,
				01CC25571D0FEC5700F69220 /* dock.jpg */,
				01CC25581D0FEC5700F69220 /* Pistol.jpg */,
				01CC25591D0FEC5700F69220 /* Ships.jpg */,
				01CC255A1D0FEC5700F69220 /* Ship.jpg */,
				01CC255B1D0FEC5700F69220 /* Invaders.jpg */,
				01CC255C1D0FEC5700F69220 /* Water.jpg */,
				01CC255D1D0FEC5700F69220 /* Boss.jpg */,
				01CC255E1D0FEC5700F69220 /* gold.jpg */,
				01CC255F1D0FEC5700F69220 /* RumoredPirates.jpg */,
				014EACF21D08ABCD0044C8DD /* main.m */,
			);
			name = "Supporting Files";
			sourceTree = "<group>";
		};
		014EAD081D08BA5D0044C8DD /* Model */ = {
			isa = PBXGroup;
			children = (
				014EAD0F1D08BBCD0044C8DD /* Factory */,
				014EAD091D08BAA00044C8DD /* Tile.h */,
				014EAD0A1D08BAA00044C8DD /* Tile.m */,
				01DD855E1D0C07BD00FEDBED /* Weapon.h */,
				01DD855F1D0C07BD00FEDBED /* Weapon.m */,
				01DD85611D0C083300FEDBED /* Armor.h */,
				01DD85621D0C083300FEDBED /* Armor.m */,
				01DD85641D0C090100FEDBED /* Character.h */,
				01DD85651D0C090100FEDBED /* Character.m */,
				01CC25511D0FDA7E00F69220 /* Boss.h */,
				01CC25521D0FDA7E00F69220 /* Boss.m */,
			);
			name = Model;
			sourceTree = "<group>";
		};
		014EAD0F1D08BBCD0044C8DD /* Factory */ = {
			isa = PBXGroup;
			children = (
				014EAD0C1D08BBB00044C8DD /* Factory.h */,
				014EAD0D1D08BBB00044C8DD /* Factory.m */,
			);
			name = Factory;
			sourceTree = "<group>";
		};
/* End PBXGroup section */

/* Begin PBXNativeTarget section */
		014EACED1D08ABCD0044C8DD /* Pirate Adventure */ = {
			isa = PBXNativeTarget;
			buildConfigurationList = 014EAD051D08ABCE0044C8DD /* Build configuration list for PBXNativeTarget "Pirate Adventure" */;
			buildPhases = (
				014EACEA1D08ABCD0044C8DD /* Sources */,
				014EACEB1D08ABCD0044C8DD /* Frameworks */,
				014EACEC1D08ABCD0044C8DD /* Resources */,
			);
			buildRules = (
			);
			dependencies = (
			);
			name = "Pirate Adventure";
			productName = "Pirate Adventure";
			productReference = 014EACEE1D08ABCD0044C8DD /* Pirate Adventure.app */;
			productType = "com.apple.product-type.application";
		};
/* End PBXNativeTarget section */

/* Begin PBXProject section */
		014EACE61D08ABCD0044C8DD /* Project object */ = {
			isa = PBXProject;
			attributes = {
				LastUpgradeCheck = 0730;
				ORGANIZATIONNAME = "Naveen Dangeti";
				TargetAttributes = {
					014EACED1D08ABCD0044C8DD = {
						CreatedOnToolsVersion = 7.3;
					};
				};
			};
			buildConfigurationList = 014EACE91D08ABCD0044C8DD /* Build configuration list for PBXProject "Pirate Adventure" */;
			compatibilityVersion = "Xcode 3.2";
			developmentRegion = English;
			hasScannedForEncodings = 0;
			knownRegions = (
				en,
				Base,
			);
			mainGroup = 014EACE51D08ABCD0044C8DD;
			productRefGroup = 014EACEF1D08ABCD0044C8DD /* Products */;
			projectDirPath = "";
			projectRoot = "";
			targets = (
				014EACED1D08ABCD0044C8DD /* Pirate Adventure */,
			);
		};
/* End PBXProject section */

/* Begin PBXResourcesBuildPhase section */
		014EACEC1D08ABCD0044C8DD /* Resources */ = {
			isa = PBXResourcesBuildPhase;
			buildActionMask = 2147483647;
			files = (
				01CC256B1D0FEC5700F69220 /* RumoredPirates.jpg in Resources */,
				01CC25671D0FEC5700F69220 /* Invaders.jpg in Resources */,
				014EAD011D08ABCE0044C8DD /* LaunchScreen.storyboard in Resources */,
				01CC25611D0FEC5700F69220 /* Parrot.jpeg in Resources */,
				01CC256A1D0FEC5700F69220 /* gold.jpg in Resources */,
				01CC25681D0FEC5700F69220 /* Water.jpg in Resources */,
				014EACFE1D08ABCE0044C8DD /* Assets.xcassets in Resources */,
				01CC25631D0FEC5700F69220 /* dock.jpg in Resources */,
				01CC25641D0FEC5700F69220 /* Pistol.jpg in Resources */,
				014EACFC1D08ABCE0044C8DD /* Main.storyboard in Resources */,
				01CC25601D0FEC5700F69220 /* Sword.jpg in Resources */,
				01CC25661D0FEC5700F69220 /* Ship.jpg in Resources */,
				01CC25621D0FEC5700F69220 /* Armor.jpg in Resources */,
				01CC25651D0FEC5700F69220 /* Ships.jpg in Resources */,
				01CC25691D0FEC5700F69220 /* Boss.jpg in Resources */,
			);
			runOnlyForDeploymentPostprocessing = 0;
		};
/* End PBXResourcesBuildPhase section */

/* Begin PBXSourcesBuildPhase section */
		014EACEA1D08ABCD0044C8DD /* Sources */ = {
			isa = PBXSourcesBuildPhase;
			buildActionMask = 2147483647;
			files = (
				01DD85631D0C083300FEDBED /* Armor.m in Sources */,
				014EAD0E1D08BBB00044C8DD /* Factory.m in Sources */,
				014EACF91D08ABCE0044C8DD /* ViewController.m in Sources */,
				01DD85661D0C090100FEDBED /* Character.m in Sources */,
				014EACF61D08ABCE0044C8DD /* AppDelegate.m in Sources */,
				01DD85601D0C07BD00FEDBED /* Weapon.m in Sources */,
				01CC25531D0FDA7E00F69220 /* Boss.m in Sources */,
				014EACF31D08ABCD0044C8DD /* main.m in Sources */,
				014EAD0B1D08BAA00044C8DD /* Tile.m in Sources */,
			);
			runOnlyForDeploymentPostprocessing = 0;
		};
/* End PBXSourcesBuildPhase section */

/* Begin PBXVariantGroup section */
		014EACFA1D08ABCE0044C8DD /* Main.storyboard */ = {
			isa = PBXVariantGroup;
			children = (
				014EACFB1D08ABCE0044C8DD /* Base */,
			);
			name = Main.storyboard;
			sourceTree = "<group>";
		};
		014EACFF1D08ABCE0044C8DD /* LaunchScreen.storyboard */ = {
			isa = PBXVariantGroup;
			children = (
				014EAD001D08ABCE0044C8DD /* Base */,
			);
			name = LaunchScreen.storyboard;
			sourceTree = "<group>";
		};
/* End PBXVariantGroup section */

/* Begin XCBuildConfiguration section */
		014EAD031D08ABCE0044C8DD /* Debug */ = {
			isa = XCBuildConfiguration;
			buildSettings = {
				ALWAYS_SEARCH_USER_PATHS = NO;
				CLANG_ANALYZER_NONNULL = YES;
				CLANG_CXX_LANGUAGE_STANDARD = "gnu++0x";
				CLANG_CXX_LIBRARY = "libc++";
				CLANG_ENABLE_MODULES = YES;
				CLANG_ENABLE_OBJC_ARC = YES;
				CLANG_WARN_BOOL_CONVERSION = YES;
				CLANG_WARN_CONSTANT_CONVERSION = YES;
				CLANG_WARN_DIRECT_OBJC_ISA_USAGE = YES_ERROR;
				CLANG_WARN_EMPTY_BODY = YES;
				CLANG_WARN_ENUM_CONVERSION = YES;
				CLANG_WARN_INT_CONVERSION = YES;
				CLANG_WARN_OBJC_ROOT_CLASS = YES_ERROR;
				CLANG_WARN_UNREACHABLE_CODE = YES;
				CLANG_WARN__DUPLICATE_METHOD_MATCH = YES;
				"CODE_SIGN_IDENTITY[sdk=iphoneos*]" = "iPhone Developer";
				COPY_PHASE_STRIP = NO;
				DEBUG_INFORMATION_FORMAT = dwarf;
				ENABLE_STRICT_OBJC_MSGSEND = YES;
				ENABLE_TESTABILITY = YES;
				GCC_C_LANGUAGE_STANDARD = gnu99;
				GCC_DYNAMIC_NO_PIC = NO;
				GCC_NO_COMMON_BLOCKS = YES;
				GCC_OPTIMIZATION_LEVEL = 0;
				GCC_PREPROCESSOR_DEFINITIONS = (
					"DEBUG=1",
					"$(inherited)",
				);
				GCC_WARN_64_TO_32_BIT_CONVERSION = YES;
				GCC_WARN_ABOUT_RETURN_TYPE = YES_ERROR;
				GCC_WARN_UNDECLARED_SELECTOR = YES;
				GCC_WARN_UNINITIALIZED_AUTOS = YES_AGGRESSIVE;
				GCC_WARN_UNUSED_FUNCTION = YES;
				GCC_WARN_UNUSED_VARIABLE = YES;
				IPHONEOS_DEPLOYMENT_TARGET = 9.3;
				MTL_ENABLE_DEBUG_INFO = YES;
				ONLY_ACTIVE_ARCH = YES;
				SDKROOT = iphoneos;
			};
			name = Debug;
		};
		014EAD041D08ABCE0044C8DD /* Release */ = {
			isa = XCBuildConfiguration;
			buildSettings = {
				ALWAYS_SEARCH_USER_PATHS = NO;
				CLANG_ANALYZER_NONNULL = YES;
				CLANG_CXX_LANGUAGE_STANDARD = "gnu++0x";
				CLANG_CXX_LIBRARY = "libc++";
				CLANG_ENABLE_MODULES = YES;
				CLANG_ENABLE_OBJC_ARC = YES;
				CLANG_WARN_BOOL_CONVERSION = YES;
				CLANG_WARN_CONSTANT_CONVERSION = YES;
				CLANG_WARN_DIRECT_OBJC_ISA_USAGE = YES_ERROR;
				CLANG_WARN_EMPTY_BODY = YES;
				CLANG_WARN_ENUM_CONVERSION = YES;
				CLANG_WARN_INT_CONVERSION = YES;
				CLANG_WARN_OBJC_ROOT_CLASS = YES_ERROR;
				CLANG_WARN_UNREACHABLE_CODE = YES;
				CLANG_WARN__DUPLICATE_METHOD_MATCH = YES;
				"CODE_SIGN_IDENTITY[sdk=iphoneos*]" = "iPhone Developer";
				COPY_PHASE_STRIP = NO;
				DEBUG_INFORMATION_FORMAT = "dwarf-with-dsym";
				ENABLE_NS_ASSERTIONS = NO;
				ENABLE_STRICT_OBJC_MSGSEND = YES;
				GCC_C_LANGUAGE_STANDARD = gnu99;
				GCC_NO_COMMON_BLOCKS = YES;
				GCC_WARN_64_TO_32_BIT_CONVERSION = YES;
				GCC_WARN_ABOUT_RETURN_TYPE = YES_ERROR;
				GCC_WARN_UNDECLARED_SELECTOR = YES;
				GCC_WARN_UNINITIALIZED_AUTOS = YES_AGGRESSIVE;
				GCC_WARN_UNUSED_FUNCTION = YES;
				GCC_WARN_UNUSED_VARIABLE = YES;
				IPHONEOS_DEPLOYMENT_TARGET = 9.3;
				MTL_ENABLE_DEBUG_INFO = NO;
				SDKROOT = iphoneos;
				VALIDATE_PRODUCT = YES;
			};
			name = Release;
		};
		014EAD061D08ABCE0044C8DD /* Debug */ = {
			isa = XCBuildConfiguration;
			buildSettings = {
				ASSETCATALOG_COMPILER_APPICON_NAME = AppIcon;
				INFOPLIST_FILE = "Pirate Adventure/Info.plist";
				LD_RUNPATH_SEARCH_PATHS = "$(inherited) @executable_path/Frameworks";
				PRODUCT_BUNDLE_IDENTIFIER = "com.outlook-its2hot.Pirate-Adventure";
				PRODUCT_NAME = "$(TARGET_NAME)";
			};
			name = Debug;
		};
		014EAD071D08ABCE0044C8DD /* Release */ = {
			isa = XCBuildConfiguration;
			buildSettings = {
				ASSETCATALOG_COMPILER_APPICON_NAME = AppIcon;
				INFOPLIST_FILE = "Pirate Adventure/Info.plist";
				LD_RUNPATH_SEARCH_PATHS = "$(inherited) @executable_path/Frameworks";
				PRODUCT_BUNDLE_IDENTIFIER = "com.outlook-its2hot.Pirate-Adventure";
				PRODUCT_NAME = "$(TARGET_NAME)";
			};
			name = Release;
		};
/* End XCBuildConfiguration section */

/* Begin XCConfigurationList section */
		014EACE91D08ABCD0044C8DD /* Build configuration list for PBXProject "Pirate Adventure" */ = {
			isa = XCConfigurationList;
			buildConfigurations = (
				014EAD031D08ABCE0044C8DD /* Debug */,
				014EAD041D08ABCE0044C8DD /* Release */,
			);
			defaultConfigurationIsVisible = 0;
			defaultConfigurationName = Release;
		};
		014EAD051D08ABCE0044C8DD /* Build configuration list for PBXNativeTarget "Pirate Adventure" */ = {
			isa = XCConfigurationList;
			buildConfigurations = (
				014EAD061D08ABCE0044C8DD /* Debug */,
				014EAD071D08ABCE0044C8DD /* Release */,
			);
			defaultConfigurationIsVisible = 0;
			defaultConfigurationName = Release;
		};
/* End XCConfigurationList section */
	};
	rootObject = 014EACE61D08ABCD0044C8DD /* Project object */;
}
